{
  "name": "TUGASPBK5",
  "lockfileVersion": 3,
  "requires": true,
  "packages": {
    "": {
      "dependencies": {
        "@quasar/extras": "^1.16.11",
        "quasar": "^2.16.4"
      }
    },
    "node_modules/@quasar/extras": {
      "version": "1.16.11",
      "resolved": "https://registry.npmjs.org/@quasar/extras/-/extras-1.16.11.tgz",
      "integrity": "sha512-sbTBHOA+Hi7ah0P6qSm+xfRXqwJ94ct3NKA3Lkq3iNPYuHD7VXbSWtP2eA7Cu9Fd0WjVoPbngf6yFGg46U3IfQ==",
      "funding": {
        "type": "github",
        "url": "https://donate.quasar.dev"
      }
    },
    "node_modules/quasar": {
      "version": "2.16.4",
      "resolved": "https://registry.npmjs.org/quasar/-/quasar-2.16.4.tgz",
      "integrity": "sha512-ICntco9uZ4PeyLgzVckjK3fsS+LG7+rOUmRyR7Gq3XpfeCADs1edIRjlxsPpWBBJvK/9AHLGPO6XNmnJmdJm0A==",
      "engines": {
        "node": ">= 10.18.1",
        "npm": ">= 6.13.4",
        "yarn": ">= 1.21.1"
      },
      "funding": {
        "type": "github",
        "url": "https://donate.quasar.dev"
      }
    }
  }
}
